
Microsoft Visual Studio Solution File, Format Version 12.00
# Visual Studio Version 17
VisualStudioVersion = 17.14.36915.13 d17.14
MinimumVisualStudioVersion = 10.0.40219.1
Project("{FAE04EC0-301F-11D3-BF4B-00C04F79EFBC}") = "JokeFactory", "JokeFactory\JokeFactory.csproj", "{D0DFBA24-91DE-4D6E-8971-AFF38B592201}"
EndProject
Global
	GlobalSection(SolutionConfigurationPlatforms) = preSolution
		Debug|Any CPU = Debug|Any CPU
		Release|Any CPU = Release|Any CPU
	EndGlobalSection
	GlobalSection(ProjectConfigurationPlatforms) = postSolution
		{D0DFBA24-91DE-4D6E-8971-AFF38B592201}.Debug|Any CPU.ActiveCfg = Debug|Any CPU
		{D0DFBA24-91DE-4D6E-8971-AFF38B592201}.Debug|Any CPU.Build.0 = Debug|Any CPU
		{D0DFBA24-91DE-4D6E-8971-AFF38B592201}.Release|Any CPU.ActiveCfg = Release|Any CPU
		{D0DFBA24-91DE-4D6E-8971-AFF38B592201}.Release|Any CPU.Build.0 = Release|Any CPU
	EndGlobalSection
	GlobalSection(SolutionProperties) = preSolution
		HideSolutionNode = FALSE
	EndGlobalSection
	GlobalSection(ExtensibilityGlobals) = postSolution
		SolutionGuid = {D1B73A8B-C2CE-4BEF-899C-B59EE2817FC2}
	EndGlobalSection
EndGlobal
